{
  "version": 4,
  "terraform_version": "1.10.4",
  "serial": 38,
  "lineage": "872450e3-9900-451f-745d-3bbd6c1423bc",
  "outputs": {},
  "resources": [
    {
      "mode": "managed",
      "type": "huaweicloud_as_configuration",
      "name": "asg_config_new",
      "provider": "provider[\"registry.terraform.io/huaweicloud/huaweicloud\"]",
      "instances": [
        {
          "schema_version": 0,
          "attributes": {
            "id": "1dea38a7-cae8-49e7-9c55-d22a54829b4d",
            "instance_config": [
              {
                "admin_pass": "",
                "charging_mode": "postPaid",
                "dedicated_host_id": "",
                "disk": [
                  {
                    "data_disk_image_id": "",
                    "dedicated_storage_id": "",
                    "disk_type": "SYS",
                    "iops": 0,
                    "kms_id": "",
                    "size": 40,
                    "snapshot_id": "",
                    "throughput": 0,
                    "volume_type": "SAS"
                  }
                ],
                "ecs_group_id": "",
                "flavor": "s6.small.1",
                "flavor_priority_policy": "PICK_FIRST",
                "image": "b4165541-51fa-485d-8466-db95aa7e00ac",
                "instance_id": "",
                "key_name": "KeyPair-best",
                "metadata": {},
                "personality": [],
                "public_ip": [],
                "security_group_ids": [
                  "f6c94959-7c58-4e68-ab08-cd6d395a3846"
                ],
                "tenancy": "",
                "user_data": ""
              }
            ],
            "region": "ap-southeast-2",
            "scaling_configuration_name": "asg_config_v4",
            "status": "Bound"
          },
          "sensitive_attributes": [
            [
              {
                "type": "get_attr",
                "value": "instance_config"
              },
              {
                "type": "index",
                "value": {
                  "value": 0,
                  "type": "number"
                }
              },
              {
                "type": "get_attr",
                "value": "admin_pass"
              }
            ]
          ],
          "private": "bnVsbA==",
          "create_before_destroy": true
        }
      ]
    },
    {
      "mode": "managed",
      "type": "huaweicloud_as_group",
      "name": "asg_group",
      "provider": "provider[\"registry.terraform.io/huaweicloud/huaweicloud\"]",
      "instances": [
        {
          "schema_version": 0,
          "attributes": {
            "agency_name": "",
            "availability_zones": [
              "ap-southeast-2a",
              "ap-southeast-2c",
              "ap-southeast-2b"
            ],
            "available_zones": null,
            "cool_down_time": 300,
            "current_instance_number": 2,
            "delete_instances": "no",
            "delete_publicip": false,
            "delete_volume": true,
            "description": "",
            "desire_instance_number": 2,
            "enable": true,
            "enterprise_project_id": "0",
            "force_delete": null,
            "health_periodic_audit_grace_period": 600,
            "health_periodic_audit_method": "NOVA_AUDIT",
            "health_periodic_audit_time": 5,
            "id": "59f18876-732a-44f9-9269-fcbbd3f65b4a",
            "instance_terminate_policy": "OLD_CONFIG_OLD_INSTANCE",
            "instances": [
              "26a63837-afc3-41a1-a76b-cc75cd760a60",
              "57bc8ec4-b394-4e35-a949-f31e9904c6fa"
            ],
            "lb_listener_id": "",
            "lbaas_listeners": [],
            "max_instance_number": 3,
            "min_instance_number": 1,
            "multi_az_scaling_policy": "EQUILIBRIUM_DISTRIBUTE",
            "networks": [
              {
                "id": "b2a7c353-f15a-4189-a25a-e42ff50013b3",
                "ipv6_bandwidth_id": "",
                "ipv6_enable": false,
                "source_dest_check": true
              }
            ],
            "notifications": [],
            "region": "ap-southeast-2",
            "scaling_configuration_id": "1dea38a7-cae8-49e7-9c55-d22a54829b4d",
            "scaling_group_name": "asg_group",
            "security_groups": [],
            "status": "INSERVICE",
            "tags": {},
            "timeouts": null,
            "vpc_id": "1c4c83c4-43b5-462d-aaa1-26480643d6fa"
          },
          "sensitive_attributes": [],
          "private": "eyJlMmJmYjczMC1lY2FhLTExZTYtOGY4OC0zNDM2M2JjN2M0YzAiOnsiY3JlYXRlIjo2MDAwMDAwMDAwMDAsImRlbGV0ZSI6NjAwMDAwMDAwMDAwfX0=",
          "dependencies": [
            "huaweicloud_as_configuration.asg_config_new"
          ],
          "create_before_destroy": true
        }
      ]
    }
  ],
  "check_results": null
}
